
Microsoft Visual Studio Solution File, Format Version 12.00
# Visual Studio Version 16
VisualStudioVersion = 16.0.30128.74
MinimumVisualStudioVersion = 10.0.40219.1
Project("{888888A0-9F3D-457C-B088-3A5042F75D52}") = "ShiftingPixelsMNIST", "ShiftingPixelsMNIST\ShiftingPixelsMNIST.pyproj", "{ECEC8514-B334-4177-9A65-75E678872915}"
EndProject
Global
	GlobalSection(SolutionConfigurationPlatforms) = preSolution
		Debug|Any CPU = Debug|Any CPU
		Release|Any CPU = Release|Any CPU
	EndGlobalSection
	GlobalSection(ProjectConfigurationPlatforms) = postSolution
		{ECEC8514-B334-4177-9A65-75E678872915}.Debug|Any CPU.ActiveCfg = Debug|Any CPU
		{ECEC8514-B334-4177-9A65-75E678872915}.Release|Any CPU.ActiveCfg = Release|Any CPU
	EndGlobalSection
	GlobalSection(SolutionProperties) = preSolution
		HideSolutionNode = FALSE
	EndGlobalSection
	GlobalSection(ExtensibilityGlobals) = postSolution
		SolutionGuid = {F863F82D-AE15-470A-937A-B54D131B98D3}
	EndGlobalSection
EndGlobal
